
Microsoft Visual Studio Solution File, Format Version 12.00
# Visual Studio Version 16
VisualStudioVersion = 16.0.29609.76
MinimumVisualStudioVersion = 10.0.40219.1
Project("{FAE04EC0-301F-11D3-BF4B-00C04F79EFBC}") = "Test.NetFX", "Test\DotNetFX\Test.NetFX.csproj", "{E48C2362-44CF-4AFB-9FA1-A199549094F4}"
EndProject
Project("{9A19103F-16F7-4668-BE54-9A1E7A4F7556}") = "Test.Shared", "Test\Shared\Test.Shared.csproj", "{BC07F155-3E87-45F6-BB6D-6739CB73F92D}"
EndProject
Project("{9A19103F-16F7-4668-BE54-9A1E7A4F7556}") = "Test.NetCore", "Test\DotNetCore\Test.NetCore.csproj", "{A9BB0371-0739-4C10-AF3C-18E11313CDD7}"
EndProject
Project("{D954291E-2A0B-460D-934E-DC6B0785DB48}") = "Test", "..\test\Test.shproj", "{4E0D6571-4E66-4790-90A0-C878F9CDD03F}"
EndProject
Project("{9A19103F-16F7-4668-BE54-9A1E7A4F7556}") = "Luna", "Luna\Assets\Luna\Luna.csproj", "{AB819B5B-6D6B-4D02-9DF9-AC0D31652D83}"
EndProject
Project("{8BC9CEB8-8B4A-11D0-8D11-00A0C91BC942}") = "luna_dll", "..\LunaScript\proj\Luna_dll.vcxproj", "{01E6AFD3-F265-4B64-B037-A0DD174FC784}"
EndProject
Global
	GlobalSection(SharedMSBuildProjectFiles) = preSolution
		..\test\Test.projitems*{4e0d6571-4e66-4790-90a0-c878f9cdd03f}*SharedItemsImports = 13
	EndGlobalSection
	GlobalSection(SolutionConfigurationPlatforms) = preSolution
		Debug|Any CPU = Debug|Any CPU
		Debug|x64 = Debug|x64
		Debug|x86 = Debug|x86
		Release|Any CPU = Release|Any CPU
		Release|x64 = Release|x64
		Release|x86 = Release|x86
	EndGlobalSection
	GlobalSection(ProjectConfigurationPlatforms) = postSolution
		{E48C2362-44CF-4AFB-9FA1-A199549094F4}.Debug|Any CPU.ActiveCfg = Debug|Any CPU
		{E48C2362-44CF-4AFB-9FA1-A199549094F4}.Debug|Any CPU.Build.0 = Debug|Any CPU
		{E48C2362-44CF-4AFB-9FA1-A199549094F4}.Debug|x64.ActiveCfg = Debug|Any CPU
		{E48C2362-44CF-4AFB-9FA1-A199549094F4}.Debug|x64.Build.0 = Debug|Any CPU
		{E48C2362-44CF-4AFB-9FA1-A199549094F4}.Debug|x86.ActiveCfg = Debug|Any CPU
		{E48C2362-44CF-4AFB-9FA1-A199549094F4}.Debug|x86.Build.0 = Debug|Any CPU
		{E48C2362-44CF-4AFB-9FA1-A199549094F4}.Release|Any CPU.ActiveCfg = Release|Any CPU
		{E48C2362-44CF-4AFB-9FA1-A199549094F4}.Release|Any CPU.Build.0 = Release|Any CPU
		{E48C2362-44CF-4AFB-9FA1-A199549094F4}.Release|x64.ActiveCfg = Release|Any CPU
		{E48C2362-44CF-4AFB-9FA1-A199549094F4}.Release|x64.Build.0 = Release|Any CPU
		{E48C2362-44CF-4AFB-9FA1-A199549094F4}.Release|x86.ActiveCfg = Release|Any CPU
		{E48C2362-44CF-4AFB-9FA1-A199549094F4}.Release|x86.Build.0 = Release|Any CPU
		{BC07F155-3E87-45F6-BB6D-6739CB73F92D}.Debug|Any CPU.ActiveCfg = Debug|Any CPU
		{BC07F155-3E87-45F6-BB6D-6739CB73F92D}.Debug|Any CPU.Build.0 = Debug|Any CPU
		{BC07F155-3E87-45F6-BB6D-6739CB73F92D}.Debug|x64.ActiveCfg = Debug|Any CPU
		{BC07F155-3E87-45F6-BB6D-6739CB73F92D}.Debug|x64.Build.0 = Debug|Any CPU
		{BC07F155-3E87-45F6-BB6D-6739CB73F92D}.Debug|x86.ActiveCfg = Debug|Any CPU
		{BC07F155-3E87-45F6-BB6D-6739CB73F92D}.Debug|x86.Build.0 = Debug|Any CPU
		{BC07F155-3E87-45F6-BB6D-6739CB73F92D}.Release|Any CPU.ActiveCfg = Release|Any CPU
		{BC07F155-3E87-45F6-BB6D-6739CB73F92D}.Release|Any CPU.Build.0 = Release|Any CPU
		{BC07F155-3E87-45F6-BB6D-6739CB73F92D}.Release|x64.ActiveCfg = Release|Any CPU
		{BC07F155-3E87-45F6-BB6D-6739CB73F92D}.Release|x64.Build.0 = Release|Any CPU
		{BC07F155-3E87-45F6-BB6D-6739CB73F92D}.Release|x86.ActiveCfg = Release|Any CPU
		{BC07F155-3E87-45F6-BB6D-6739CB73F92D}.Release|x86.Build.0 = Release|Any CPU
		{A9BB0371-0739-4C10-AF3C-18E11313CDD7}.Debug|Any CPU.ActiveCfg = Debug|Any CPU
		{A9BB0371-0739-4C10-AF3C-18E11313CDD7}.Debug|Any CPU.Build.0 = Debug|Any CPU
		{A9BB0371-0739-4C10-AF3C-18E11313CDD7}.Debug|x64.ActiveCfg = Debug|Any CPU
		{A9BB0371-0739-4C10-AF3C-18E11313CDD7}.Debug|x64.Build.0 = Debug|Any CPU
		{A9BB0371-0739-4C10-AF3C-18E11313CDD7}.Debug|x86.ActiveCfg = Debug|Any CPU
		{A9BB0371-0739-4C10-AF3C-18E11313CDD7}.Debug|x86.Build.0 = Debug|Any CPU
		{A9BB0371-0739-4C10-AF3C-18E11313CDD7}.Release|Any CPU.ActiveCfg = Release|Any CPU
		{A9BB0371-0739-4C10-AF3C-18E11313CDD7}.Release|Any CPU.Build.0 = Release|Any CPU
		{A9BB0371-0739-4C10-AF3C-18E11313CDD7}.Release|x64.ActiveCfg = Release|Any CPU
		{A9BB0371-0739-4C10-AF3C-18E11313CDD7}.Release|x64.Build.0 = Release|Any CPU
		{A9BB0371-0739-4C10-AF3C-18E11313CDD7}.Release|x86.ActiveCfg = Release|Any CPU
		{A9BB0371-0739-4C10-AF3C-18E11313CDD7}.Release|x86.Build.0 = Release|Any CPU
		{AB819B5B-6D6B-4D02-9DF9-AC0D31652D83}.Debug|Any CPU.ActiveCfg = Debug|Any CPU
		{AB819B5B-6D6B-4D02-9DF9-AC0D31652D83}.Debug|Any CPU.Build.0 = Debug|Any CPU
		{AB819B5B-6D6B-4D02-9DF9-AC0D31652D83}.Debug|x64.ActiveCfg = Debug|Any CPU
		{AB819B5B-6D6B-4D02-9DF9-AC0D31652D83}.Debug|x64.Build.0 = Debug|Any CPU
		{AB819B5B-6D6B-4D02-9DF9-AC0D31652D83}.Debug|x86.ActiveCfg = Debug|Any CPU
		{AB819B5B-6D6B-4D02-9DF9-AC0D31652D83}.Debug|x86.Build.0 = Debug|Any CPU
		{AB819B5B-6D6B-4D02-9DF9-AC0D31652D83}.Release|Any CPU.ActiveCfg = Release|Any CPU
		{AB819B5B-6D6B-4D02-9DF9-AC0D31652D83}.Release|Any CPU.Build.0 = Release|Any CPU
		{AB819B5B-6D6B-4D02-9DF9-AC0D31652D83}.Release|x64.ActiveCfg = Release|Any CPU
		{AB819B5B-6D6B-4D02-9DF9-AC0D31652D83}.Release|x64.Build.0 = Release|Any CPU
		{AB819B5B-6D6B-4D02-9DF9-AC0D31652D83}.Release|x86.ActiveCfg = Release|Any CPU
		{AB819B5B-6D6B-4D02-9DF9-AC0D31652D83}.Release|x86.Build.0 = Release|Any CPU
		{01E6AFD3-F265-4B64-B037-A0DD174FC784}.Debug|Any CPU.ActiveCfg = Debug|Win32
		{01E6AFD3-F265-4B64-B037-A0DD174FC784}.Debug|x64.ActiveCfg = Debug|x64
		{01E6AFD3-F265-4B64-B037-A0DD174FC784}.Debug|x64.Build.0 = Debug|x64
		{01E6AFD3-F265-4B64-B037-A0DD174FC784}.Debug|x86.ActiveCfg = Debug|Win32
		{01E6AFD3-F265-4B64-B037-A0DD174FC784}.Debug|x86.Build.0 = Debug|Win32
		{01E6AFD3-F265-4B64-B037-A0DD174FC784}.Release|Any CPU.ActiveCfg = Release|Win32
		{01E6AFD3-F265-4B64-B037-A0DD174FC784}.Release|x64.ActiveCfg = Release|x64
		{01E6AFD3-F265-4B64-B037-A0DD174FC784}.Release|x64.Build.0 = Release|x64
		{01E6AFD3-F265-4B64-B037-A0DD174FC784}.Release|x86.ActiveCfg = Release|Win32
		{01E6AFD3-F265-4B64-B037-A0DD174FC784}.Release|x86.Build.0 = Release|Win32
	EndGlobalSection
	GlobalSection(SolutionProperties) = preSolution
		HideSolutionNode = FALSE
	EndGlobalSection
	GlobalSection(ExtensibilityGlobals) = postSolution
		SolutionGuid = {F2461FB1-3744-4622-BC7A-23502BC120DF}
	EndGlobalSection
EndGlobal
